// !$*UTF8*$!
{
	archiveVersion = 1;
	classes = {
	};
	objectVersion = 50;
	objects = {

/* Begin PBXBuildFile section */
		20258A37247D997F00D541A0 /* StartBreak.wav in Resources */ = {isa = PBXBuildFile; fileRef = 20258A36247D997F00D541A0 /* StartBreak.wav */; };
		20258A39247D99AC00D541A0 /* EndBreak.wav in Resources */ = {isa = PBXBuildFile; fileRef = 20258A38247D99AC00D541A0 /* EndBreak.wav */; };
		20534E2524883CE700F5002A /* AppState.swift in Sources */ = {isa = PBXBuildFile; fileRef = 20534E2424883CE700F5002A /* AppState.swift */; };
		20650A972479BE6600619A03 /* ActivityStatusDelegate.swift in Sources */ = {isa = PBXBuildFile; fileRef = 20650A962479BE6600619A03 /* ActivityStatusDelegate.swift */; };
		20650A9B247A66FA00619A03 /* AppVersion.swift in Sources */ = {isa = PBXBuildFile; fileRef = 20650A9A247A66FA00619A03 /* AppVersion.swift */; };
		20650A9D247AAF0E00619A03 /* StatusBar.swift in Sources */ = {isa = PBXBuildFile; fileRef = 20650A9C247AAF0E00619A03 /* StatusBar.swift */; };
		2081ECDA23C927CB004AAC29 /* BreakNotification.swift in Sources */ = {isa = PBXBuildFile; fileRef = 2081ECD923C927CB004AAC29 /* BreakNotification.swift */; };
		2083E603249D632700FC4DB4 /* AboutViewController.swift in Sources */ = {isa = PBXBuildFile; fileRef = 2083E602249D632700FC4DB4 /* AboutViewController.swift */; };
		20B795F623B411D60042B081 /* AppDelegate.swift in Sources */ = {isa = PBXBuildFile; fileRef = 20B795F523B411D60042B081 /* AppDelegate.swift */; };
		20B795F823B411D60042B081 /* ViewController.swift in Sources */ = {isa = PBXBuildFile; fileRef = 20B795F723B411D60042B081 /* ViewController.swift */; };
		20B795FA23B411DA0042B081 /* Assets.xcassets in Resources */ = {isa = PBXBuildFile; fileRef = 20B795F923B411DA0042B081 /* Assets.xcassets */; };
		20B795FD23B411DA0042B081 /* Main.storyboard in Resources */ = {isa = PBXBuildFile; fileRef = 20B795FB23B411DA0042B081 /* Main.storyboard */; };
		20B7963B23B911740042B081 /* LaunchAtLogin.framework in Frameworks */ = {isa = PBXBuildFile; fileRef = 20B7963A23B911730042B081 /* LaunchAtLogin.framework */; };
		20B7963F23B964660042B081 /* ActivityStatus.swift in Sources */ = {isa = PBXBuildFile; fileRef = 20B7963E23B964660042B081 /* ActivityStatus.swift */; };
		20BA915324F6D52C0038381D /* Localizable.strings in Resources */ = {isa = PBXBuildFile; fileRef = 20BA915524F6D52C0038381D /* Localizable.strings */; };
/* End PBXBuildFile section */

/* Begin PBXFileReference section */
		20258A36247D997F00D541A0 /* StartBreak.wav */ = {isa = PBXFileReference; lastKnownFileType = audio.wav; path = StartBreak.wav; sourceTree = "<group>"; };
		20258A38247D99AC00D541A0 /* EndBreak.wav */ = {isa = PBXFileReference; lastKnownFileType = audio.wav; path = EndBreak.wav; sourceTree = "<group>"; };
		20534E2424883CE700F5002A /* AppState.swift */ = {isa = PBXFileReference; lastKnownFileType = sourcecode.swift; path = AppState.swift; sourceTree = "<group>"; };
		20650A962479BE6600619A03 /* ActivityStatusDelegate.swift */ = {isa = PBXFileReference; lastKnownFileType = sourcecode.swift; path = ActivityStatusDelegate.swift; sourceTree = "<group>"; };
		20650A9A247A66FA00619A03 /* AppVersion.swift */ = {isa = PBXFileReference; lastKnownFileType = sourcecode.swift; path = AppVersion.swift; sourceTree = "<group>"; };
		20650A9C247AAF0E00619A03 /* StatusBar.swift */ = {isa = PBXFileReference; lastKnownFileType = sourcecode.swift; path = StatusBar.swift; sourceTree = "<group>"; };
		2081ECD923C927CB004AAC29 /* BreakNotification.swift */ = {isa = PBXFileReference; lastKnownFileType = sourcecode.swift; path = BreakNotification.swift; sourceTree = "<group>"; };
		2083E602249D632700FC4DB4 /* AboutViewController.swift */ = {isa = PBXFileReference; lastKnownFileType = sourcecode.swift; path = AboutViewController.swift; sourceTree = "<group>"; };
		20B795F223B411D60042B081 /* Twenttty.app */ = {isa = PBXFileReference; explicitFileType = wrapper.application; includeInIndex = 0; path = Twenttty.app; sourceTree = BUILT_PRODUCTS_DIR; };
		20B795F523B411D60042B081 /* AppDelegate.swift */ = {isa = PBXFileReference; lastKnownFileType = sourcecode.swift; path = AppDelegate.swift; sourceTree = "<group>"; };
		20B795F723B411D60042B081 /* ViewController.swift */ = {isa = PBXFileReference; indentWidth = 4; lastKnownFileType = sourcecode.swift; path = ViewController.swift; sourceTree = "<group>"; tabWidth = 4; };
		20B795F923B411DA0042B081 /* Assets.xcassets */ = {isa = PBXFileReference; lastKnownFileType = folder.assetcatalog; path = Assets.xcassets; sourceTree = "<group>"; };
		20B795FC23B411DA0042B081 /* Base */ = {isa = PBXFileReference; lastKnownFileType = file.storyboard; name = Base; path = Base.lproj/Main.storyboard; sourceTree = "<group>"; };
		20B795FE23B411DA0042B081 /* Info.plist */ = {isa = PBXFileReference; lastKnownFileType = text.plist.xml; path = Info.plist; sourceTree = "<group>"; };
		20B795FF23B411DA0042B081 /* Twenttty.entitlements */ = {isa = PBXFileReference; lastKnownFileType = text.plist.entitlements; path = Twenttty.entitlements; sourceTree = "<group>"; };
		20B7963A23B911730042B081 /* LaunchAtLogin.framework */ = {isa = PBXFileReference; lastKnownFileType = wrapper.framework; name = LaunchAtLogin.framework; path = Carthage/Build/Mac/LaunchAtLogin.framework; sourceTree = "<group>"; };
		20B7963E23B964660042B081 /* ActivityStatus.swift */ = {isa = PBXFileReference; lastKnownFileType = sourcecode.swift; path = ActivityStatus.swift; sourceTree = "<group>"; };
		20BA915024F6D3C40038381D /* pl */ = {isa = PBXFileReference; lastKnownFileType = text.plist.strings; name = pl; path = pl.lproj/Main.strings; sourceTree = "<group>"; };
		20BA915424F6D52C0038381D /* en */ = {isa = PBXFileReference; lastKnownFileType = text.plist.strings; name = en; path = en.lproj/Localizable.strings; sourceTree = "<group>"; };
		20BA915624F6D5300038381D /* pl */ = {isa = PBXFileReference; lastKnownFileType = text.plist.strings; name = pl; path = pl.lproj/Localizable.strings; sourceTree = "<group>"; };
/* End PBXFileReference section */

/* Begin PBXFrameworksBuildPhase section */
		20B795EF23B411D60042B081 /* Frameworks */ = {
			isa = PBXFrameworksBuildPhase;
			buildActionMask = 2147483647;
			files = (
				20B7963B23B911740042B081 /* LaunchAtLogin.framework in Frameworks */,
			);
			runOnlyForDeploymentPostprocessing = 0;
		};
/* End PBXFrameworksBuildPhase section */

/* Begin PBXGroup section */
		20258A3A247D99B100D541A0 /* Sounds */ = {
			isa = PBXGroup;
			children = (
				20258A36247D997F00D541A0 /* StartBreak.wav */,
				20258A38247D99AC00D541A0 /* EndBreak.wav */,
			);
			path = Sounds;
			sourceTree = "<group>";
		};
		20B795E923B411D60042B081 = {
			isa = PBXGroup;
			children = (
				20BA915524F6D52C0038381D /* Localizable.strings */,
				20B795F423B411D60042B081 /* Twenttty */,
				20B795F323B411D60042B081 /* Products */,
				20B7963123B908210042B081 /* Frameworks */,
			);
			sourceTree = "<group>";
		};
		20B795F323B411D60042B081 /* Products */ = {
			isa = PBXGroup;
			children = (
				20B795F223B411D60042B081 /* Twenttty.app */,
			);
			name = Products;
			sourceTree = "<group>";
		};
		20B795F423B411D60042B081 /* Twenttty */ = {
			isa = PBXGroup;
			children = (
				20B795FF23B411DA0042B081 /* Twenttty.entitlements */,
				20B795FE23B411DA0042B081 /* Info.plist */,
				20B7963E23B964660042B081 /* ActivityStatus.swift */,
				20650A962479BE6600619A03 /* ActivityStatusDelegate.swift */,
				20B795F523B411D60042B081 /* AppDelegate.swift */,
				20650A9A247A66FA00619A03 /* AppVersion.swift */,
				20534E2424883CE700F5002A /* AppState.swift */,
				2081ECD923C927CB004AAC29 /* BreakNotification.swift */,
				20650A9C247AAF0E00619A03 /* StatusBar.swift */,
				20B795F723B411D60042B081 /* ViewController.swift */,
				2083E602249D632700FC4DB4 /* AboutViewController.swift */,
				20B795F923B411DA0042B081 /* Assets.xcassets */,
				20B795FB23B411DA0042B081 /* Main.storyboard */,
				20258A3A247D99B100D541A0 /* Sounds */,
			);
			path = Twenttty;
			sourceTree = "<group>";
		};
		20B7963123B908210042B081 /* Frameworks */ = {
			isa = PBXGroup;
			children = (
				20B7963A23B911730042B081 /* LaunchAtLogin.framework */,
			);
			name = Frameworks;
			sourceTree = "<group>";
		};
/* End PBXGroup section */

/* Begin PBXNativeTarget section */
		20B795F123B411D60042B081 /* Twenttty */ = {
			isa = PBXNativeTarget;
			buildConfigurationList = 20B7961823B411DB0042B081 /* Build configuration list for PBXNativeTarget "Twenttty" */;
			buildPhases = (
				20B795EE23B411D60042B081 /* Sources */,
				20B795EF23B411D60042B081 /* Frameworks */,
				20B795F023B411D60042B081 /* Resources */,
				20B7963C23B911AC0042B081 /* ShellScript */,
				20B7963D23B959200042B081 /* ShellScript */,
			);
			buildRules = (
			);
			dependencies = (
			);
			name = Twenttty;
			productName = Twenttty;
			productReference = 20B795F223B411D60042B081 /* Twenttty.app */;
			productType = "com.apple.product-type.application";
		};
/* End PBXNativeTarget section */

/* Begin PBXProject section */
		20B795EA23B411D60042B081 /* Project object */ = {
			isa = PBXProject;
			attributes = {
				LastSwiftUpdateCheck = 1130;
				LastUpgradeCheck = 1200;
				ORGANIZATIONNAME = "Michał Pierzchała";
				TargetAttributes = {
					20B795F123B411D60042B081 = {
						CreatedOnToolsVersion = 11.3;
					};
				};
			};
			buildConfigurationList = 20B795ED23B411D60042B081 /* Build configuration list for PBXProject "Twenttty" */;
			compatibilityVersion = "Xcode 9.3";
			developmentRegion = en;
			hasScannedForEncodings = 0;
			knownRegions = (
				en,
				Base,
				pl,
			);
			mainGroup = 20B795E923B411D60042B081;
			productRefGroup = 20B795F323B411D60042B081 /* Products */;
			projectDirPath = "";
			projectRoot = "";
			targets = (
				20B795F123B411D60042B081 /* Twenttty */,
			);
		};
/* End PBXProject section */

/* Begin PBXResourcesBuildPhase section */
		20B795F023B411D60042B081 /* Resources */ = {
			isa = PBXResourcesBuildPhase;
			buildActionMask = 2147483647;
			files = (
				20BA915324F6D52C0038381D /* Localizable.strings in Resources */,
				20258A39247D99AC00D541A0 /* EndBreak.wav in Resources */,
				20258A37247D997F00D541A0 /* StartBreak.wav in Resources */,
				20B795FA23B411DA0042B081 /* Assets.xcassets in Resources */,
				20B795FD23B411DA0042B081 /* Main.storyboard in Resources */,
			);
			runOnlyForDeploymentPostprocessing = 0;
		};
/* End PBXResourcesBuildPhase section */

/* Begin PBXShellScriptBuildPhase section */
		20B7963C23B911AC0042B081 /* ShellScript */ = {
			isa = PBXShellScriptBuildPhase;
			buildActionMask = 2147483647;
			files = (
			);
			inputFileListPaths = (
			);
			inputPaths = (
				"$(SRCROOT)/Carthage/Build/Mac/LaunchAtLogin.framework",
			);
			outputFileListPaths = (
			);
			outputPaths = (
			);
			runOnlyForDeploymentPostprocessing = 0;
			shellPath = /bin/sh;
			shellScript = "# Type a script or drag a script file from your workspace to insert its path.\n/usr/local/bin/carthage copy-frameworks\n";
		};
		20B7963D23B959200042B081 /* ShellScript */ = {
			isa = PBXShellScriptBuildPhase;
			buildActionMask = 2147483647;
			files = (
			);
			inputFileListPaths = (
			);
			inputPaths = (
			);
			outputFileListPaths = (
			);
			outputPaths = (
			);
			runOnlyForDeploymentPostprocessing = 0;
			shellPath = /bin/sh;
			shellScript = "# Type a script or drag a script file from your workspace to insert its path.\n\"${PROJECT_DIR}/Carthage/Build/Mac/LaunchAtLogin.framework/Resources/copy-helper.sh\"\n";
		};
/* End PBXShellScriptBuildPhase section */

/* Begin PBXSourcesBuildPhase section */
		20B795EE23B411D60042B081 /* Sources */ = {
			isa = PBXSourcesBuildPhase;
			buildActionMask = 2147483647;
			files = (
				20650A9D247AAF0E00619A03 /* StatusBar.swift in Sources */,
				2081ECDA23C927CB004AAC29 /* BreakNotification.swift in Sources */,
				20B7963F23B964660042B081 /* ActivityStatus.swift in Sources */,
				20534E2524883CE700F5002A /* AppState.swift in Sources */,
				2083E603249D632700FC4DB4 /* AboutViewController.swift in Sources */,
				20B795F823B411D60042B081 /* ViewController.swift in Sources */,
				20B795F623B411D60042B081 /* AppDelegate.swift in Sources */,
				20650A972479BE6600619A03 /* ActivityStatusDelegate.swift in Sources */,
				20650A9B247A66FA00619A03 /* AppVersion.swift in Sources */,
			);
			runOnlyForDeploymentPostprocessing = 0;
		};
/* End PBXSourcesBuildPhase section */

/* Begin PBXVariantGroup section */
		20B795FB23B411DA0042B081 /* Main.storyboard */ = {
			isa = PBXVariantGroup;
			children = (
				20B795FC23B411DA0042B081 /* Base */,
				20BA915024F6D3C40038381D /* pl */,
			);
			name = Main.storyboard;
			sourceTree = "<group>";
		};
		20BA915524F6D52C0038381D /* Localizable.strings */ = {
			isa = PBXVariantGroup;
			children = (
				20BA915424F6D52C0038381D /* en */,
				20BA915624F6D5300038381D /* pl */,
			);
			name = Localizable.strings;
			sourceTree = "<group>";
		};
/* End PBXVariantGroup section */

/* Begin XCBuildConfiguration section */
		20B7961623B411DB0042B081 /* Debug */ = {
			isa = XCBuildConfiguration;
			buildSettings = {
				ALWAYS_SEARCH_USER_PATHS = NO;
				CLANG_ANALYZER_LOCALIZABILITY_NONLOCALIZED = YES;
				CLANG_ANALYZER_NONNULL = YES;
				CLANG_ANALYZER_NUMBER_OBJECT_CONVERSION = YES_AGGRESSIVE;
				CLANG_CXX_LANGUAGE_STANDARD = "gnu++14";
				CLANG_CXX_LIBRARY = "libc++";
				CLANG_ENABLE_MODULES = YES;
				CLANG_ENABLE_OBJC_ARC = YES;
				CLANG_ENABLE_OBJC_WEAK = YES;
				CLANG_WARN_BLOCK_CAPTURE_AUTORELEASING = YES;
				CLANG_WARN_BOOL_CONVERSION = YES;
				CLANG_WARN_COMMA = YES;
				CLANG_WARN_CONSTANT_CONVERSION = YES;
				CLANG_WARN_DEPRECATED_OBJC_IMPLEMENTATIONS = YES;
				CLANG_WARN_DIRECT_OBJC_ISA_USAGE = YES_ERROR;
				CLANG_WARN_DOCUMENTATION_COMMENTS = YES;
				CLANG_WARN_EMPTY_BODY = YES;
				CLANG_WARN_ENUM_CONVERSION = YES;
				CLANG_WARN_INFINITE_RECURSION = YES;
				CLANG_WARN_INT_CONVERSION = YES;
				CLANG_WARN_NON_LITERAL_NULL_CONVERSION = YES;
				CLANG_WARN_OBJC_IMPLICIT_RETAIN_SELF = YES;
				CLANG_WARN_OBJC_LITERAL_CONVERSION = YES;
				CLANG_WARN_OBJC_ROOT_CLASS = YES_ERROR;
				CLANG_WARN_QUOTED_INCLUDE_IN_FRAMEWORK_HEADER = YES;
				CLANG_WARN_RANGE_LOOP_ANALYSIS = YES;
				CLANG_WARN_STRICT_PROTOTYPES = YES;
				CLANG_WARN_SUSPICIOUS_MOVE = YES;
				CLANG_WARN_UNGUARDED_AVAILABILITY = YES_AGGRESSIVE;
				CLANG_WARN_UNREACHABLE_CODE = YES;
				CLANG_WARN__DUPLICATE_METHOD_MATCH = YES;
				COPY_PHASE_STRIP = NO;
				DEBUG_INFORMATION_FORMAT = dwarf;
				ENABLE_STRICT_OBJC_MSGSEND = YES;
				ENABLE_TESTABILITY = YES;
				GCC_C_LANGUAGE_STANDARD = gnu11;
				GCC_DYNAMIC_NO_PIC = NO;
				GCC_NO_COMMON_BLOCKS = YES;
				GCC_OPTIMIZATION_LEVEL = 0;
				GCC_PREPROCESSOR_DEFINITIONS = (
					"DEBUG=1",
					"$(inherited)",
				);
				GCC_WARN_64_TO_32_BIT_CONVERSION = YES;
				GCC_WARN_ABOUT_RETURN_TYPE = YES_ERROR;
				GCC_WARN_UNDECLARED_SELECTOR = YES;
				GCC_WARN_UNINITIALIZED_AUTOS = YES_AGGRESSIVE;
				GCC_WARN_UNUSED_FUNCTION = YES;
				GCC_WARN_UNUSED_VARIABLE = YES;
				MACOSX_DEPLOYMENT_TARGET = 10.14;
				MTL_ENABLE_DEBUG_INFO = INCLUDE_SOURCE;
				MTL_FAST_MATH = YES;
				ONLY_ACTIVE_ARCH = YES;
				SDKROOT = macosx;
				SWIFT_ACTIVE_COMPILATION_CONDITIONS = DEBUG;
				SWIFT_OPTIMIZATION_LEVEL = "-Onone";
			};
			name = Debug;
		};
		20B7961723B411DB0042B081 /* Release */ = {
			isa = XCBuildConfiguration;
			buildSettings = {
				ALWAYS_SEARCH_USER_PATHS = NO;
				CLANG_ANALYZER_LOCALIZABILITY_NONLOCALIZED = YES;
				CLANG_ANALYZER_NONNULL = YES;
				CLANG_ANALYZER_NUMBER_OBJECT_CONVERSION = YES_AGGRESSIVE;
				CLANG_CXX_LANGUAGE_STANDARD = "gnu++14";
				CLANG_CXX_LIBRARY = "libc++";
				CLANG_ENABLE_MODULES = YES;
				CLANG_ENABLE_OBJC_ARC = YES;
				CLANG_ENABLE_OBJC_WEAK = YES;
				CLANG_WARN_BLOCK_CAPTURE_AUTORELEASING = YES;
				CLANG_WARN_BOOL_CONVERSION = YES;
				CLANG_WARN_COMMA = YES;
				CLANG_WARN_CONSTANT_CONVERSION = YES;
				CLANG_WARN_DEPRECATED_OBJC_IMPLEMENTATIONS = YES;
				CLANG_WARN_DIRECT_OBJC_ISA_USAGE = YES_ERROR;
				CLANG_WARN_DOCUMENTATION_COMMENTS = YES;
				CLANG_WARN_EMPTY_BODY = YES;
				CLANG_WARN_ENUM_CONVERSION = YES;
				CLANG_WARN_INFINITE_RECURSION = YES;
				CLANG_WARN_INT_CONVERSION = YES;
				CLANG_WARN_NON_LITERAL_NULL_CONVERSION = YES;
				CLANG_WARN_OBJC_IMPLICIT_RETAIN_SELF = YES;
				CLANG_WARN_OBJC_LITERAL_CONVERSION = YES;
				CLANG_WARN_OBJC_ROOT_CLASS = YES_ERROR;
				CLANG_WARN_QUOTED_INCLUDE_IN_FRAMEWORK_HEADER = YES;
				CLANG_WARN_RANGE_LOOP_ANALYSIS = YES;
				CLANG_WARN_STRICT_PROTOTYPES = YES;
				CLANG_WARN_SUSPICIOUS_MOVE = YES;
				CLANG_WARN_UNGUARDED_AVAILABILITY = YES_AGGRESSIVE;
				CLANG_WARN_UNREACHABLE_CODE = YES;
				CLANG_WARN__DUPLICATE_METHOD_MATCH = YES;
				COPY_PHASE_STRIP = NO;
				DEBUG_INFORMATION_FORMAT = "dwarf-with-dsym";
				ENABLE_NS_ASSERTIONS = NO;
				ENABLE_STRICT_OBJC_MSGSEND = YES;
				GCC_C_LANGUAGE_STANDARD = gnu11;
				GCC_NO_COMMON_BLOCKS = YES;
				GCC_WARN_64_TO_32_BIT_CONVERSION = YES;
				GCC_WARN_ABOUT_RETURN_TYPE = YES_ERROR;
				GCC_WARN_UNDECLARED_SELECTOR = YES;
				GCC_WARN_UNINITIALIZED_AUTOS = YES_AGGRESSIVE;
				GCC_WARN_UNUSED_FUNCTION = YES;
				GCC_WARN_UNUSED_VARIABLE = YES;
				MACOSX_DEPLOYMENT_TARGET = 10.14;
				MTL_ENABLE_DEBUG_INFO = NO;
				MTL_FAST_MATH = YES;
				SDKROOT = macosx;
				SWIFT_COMPILATION_MODE = wholemodule;
				SWIFT_OPTIMIZATION_LEVEL = "-O";
			};
			name = Release;
		};
		20B7961923B411DB0042B081 /* Debug */ = {
			isa = XCBuildConfiguration;
			buildSettings = {
				ASSETCATALOG_COMPILER_APPICON_NAME = AppIcon;
				CODE_SIGN_ENTITLEMENTS = Twenttty/Twenttty.entitlements;
				CODE_SIGN_IDENTITY = "-";
				CODE_SIGN_STYLE = Automatic;
				COMBINE_HIDPI_IMAGES = YES;
				FRAMEWORK_SEARCH_PATHS = (
					"$(inherited)",
					"$(PROJECT_DIR)/Carthage/Build/Mac",
				);
				INFOPLIST_FILE = Twenttty/Info.plist;
				LD_RUNPATH_SEARCH_PATHS = (
					"$(inherited)",
					"@executable_path/../Frameworks",
				);
				MACOSX_DEPLOYMENT_TARGET = 10.14;
				MARKETING_VERSION = 1.4;
				PRODUCT_BUNDLE_IDENTIFIER = thymikee.Twenttty;
				PRODUCT_NAME = "$(TARGET_NAME)";
				SWIFT_VERSION = 5.0;
			};
			name = Debug;
		};
		20B7961A23B411DB0042B081 /* Release */ = {
			isa = XCBuildConfiguration;
			buildSettings = {
				ASSETCATALOG_COMPILER_APPICON_NAME = AppIcon;
				CODE_SIGN_ENTITLEMENTS = Twenttty/Twenttty.entitlements;
				CODE_SIGN_IDENTITY = "-";
				CODE_SIGN_STYLE = Automatic;
				COMBINE_HIDPI_IMAGES = YES;
				FRAMEWORK_SEARCH_PATHS = (
					"$(inherited)",
					"$(PROJECT_DIR)/Carthage/Build/Mac",
				);
				INFOPLIST_FILE = Twenttty/Info.plist;
				LD_RUNPATH_SEARCH_PATHS = (
					"$(inherited)",
					"@executable_path/../Frameworks",
				);
				MACOSX_DEPLOYMENT_TARGET = 10.14;
				MARKETING_VERSION = 1.4;
				PRODUCT_BUNDLE_IDENTIFIER = thymikee.Twenttty;
				PRODUCT_NAME = "$(TARGET_NAME)";
				SWIFT_VERSION = 5.0;
			};
			name = Release;
		};
/* End XCBuildConfiguration section */

/* Begin XCConfigurationList section */
		20B795ED23B411D60042B081 /* Build configuration list for PBXProject "Twenttty" */ = {
			isa = XCConfigurationList;
			buildConfigurations = (
				20B7961623B411DB0042B081 /* Debug */,
				20B7961723B411DB0042B081 /* Release */,
			);
			defaultConfigurationIsVisible = 0;
			defaultConfigurationName = Release;
		};
		20B7961823B411DB0042B081 /* Build configuration list for PBXNativeTarget "Twenttty" */ = {
			isa = XCConfigurationList;
			buildConfigurations = (
				20B7961923B411DB0042B081 /* Debug */,
				20B7961A23B411DB0042B081 /* Release */,
			);
			defaultConfigurationIsVisible = 0;
			defaultConfigurationName = Release;
		};
/* End XCConfigurationList section */
	};
	rootObject = 20B795EA23B411D60042B081 /* Project object */;
}
